
Microsoft Visual Studio Solution File, Format Version 12.00
Project("{2150E333-8FDC-42A3-9474-1A3956D46DE8}") = "SolutionItems", "SolutionItems", "{A4D3844C-9BFD-4D8C-B2A9-C9FAC2571FE8}"
EndProject
Project("{2150E333-8FDC-42A3-9474-1A3956D46DE8}") = "src", "src", "{60FB19B1-DA7F-4C7A-B8D2-11B94CE10E3D}"
EndProject
Project("{2150E333-8FDC-42A3-9474-1A3956D46DE8}") = "AppGateways", "AppGateways", "{F3D7B38C-2E16-487C-AAFE-966FAA6B3107}"
EndProject
Project("{2150E333-8FDC-42A3-9474-1A3956D46DE8}") = "BuildingBlocks", "BuildingBlocks", "{ACB389AA-FBA7-4785-89B0-A76D066C2AC1}"
EndProject
Project("{2150E333-8FDC-42A3-9474-1A3956D46DE8}") = "Clients", "Clients", "{B215433E-A637-43A3-AFBC-DF3C27303240}"
EndProject
Project("{2150E333-8FDC-42A3-9474-1A3956D46DE8}") = "Services", "Services", "{9F924971-4726-4E33-B2AF-7C2A3005805E}"
EndProject
Project("{2150E333-8FDC-42A3-9474-1A3956D46DE8}") = "WebApiGateway", "WebApiGateway", "{F4E537AC-9EF5-4A71-8FDB-63FF40421A5A}"
EndProject
Project("{FAE04EC0-301F-11D3-BF4B-00C04F79EFBC}") = "Web.ApiGateWay", "src\ApiGateways\WebApiGateway\Web.ApiGateWay\Web.ApiGateWay.csproj", "{245B9682-B291-4ECA-A22E-FEB8ABBE41B8}"
EndProject
Project("{2150E333-8FDC-42A3-9474-1A3956D46DE8}") = "EventBus", "EventBus", "{388521FB-6585-484C-9E99-F611CBAD201C}"
EndProject
Project("{FAE04EC0-301F-11D3-BF4B-00C04F79EFBC}") = "EventBus.Base", "src\BuildingBlocks\EventBus\EventBus.Base\EventBus.Base.csproj", "{3F6E9F2E-A682-4E73-9BB6-15198E1FA2E5}"
EndProject
Project("{FAE04EC0-301F-11D3-BF4B-00C04F79EFBC}") = "EventBus.Factory", "src\BuildingBlocks\EventBus\EventBus.Factory\EventBus.Factory.csproj", "{5F4345F4-5D69-4DCD-BFB2-D847908380CB}"
EndProject
Project("{FAE04EC0-301F-11D3-BF4B-00C04F79EFBC}") = "EventBus.AzureServiceBus", "src\BuildingBlocks\EventBus\EventBus.AzureServiceBus\EventBus.AzureServiceBus.csproj", "{4673851F-D149-4A20-95D5-71A591155AB1}"
EndProject
Project("{FAE04EC0-301F-11D3-BF4B-00C04F79EFBC}") = "EventBus.Rabbitmq", "src\BuildingBlocks\EventBus\EventBus.Rabbitmq\EventBus.Rabbitmq.csproj", "{C1A4978E-A06D-4756-88CE-7EAD90D5FC9A}"
EndProject
Project("{2150E333-8FDC-42A3-9474-1A3956D46DE8}") = "BlazorWebApp", "BlazorWebApp", "{7A789856-144F-403C-A416-757D9B116117}"
EndProject
Project("{FAE04EC0-301F-11D3-BF4B-00C04F79EFBC}") = "WebApp", "src\Clients\BlazorWebApp\WebApp\WebApp.csproj", "{15830CC1-3208-428E-B87D-89C909836263}"
EndProject
Project("{2150E333-8FDC-42A3-9474-1A3956D46DE8}") = "BasketService", "BasketService", "{2713F34A-69E6-4AD1-8ADE-68D5EF1AECAD}"
EndProject
Project("{FAE04EC0-301F-11D3-BF4B-00C04F79EFBC}") = "BasketService.Api", "src\Services\BasketService\BasketService.Api\BasketService.Api.csproj", "{C4BCB51C-86A9-40AB-A826-A4F807C0C676}"
EndProject
Project("{2150E333-8FDC-42A3-9474-1A3956D46DE8}") = "CatalogService", "CatalogService", "{A247E9EF-D883-405A-82E4-A4C64849ECB5}"
EndProject
Project("{FAE04EC0-301F-11D3-BF4B-00C04F79EFBC}") = "CatalogService.Api", "src\Services\CatalogService\CatalogService.Api\CatalogService.Api.csproj", "{CB807980-DF87-46CD-B31A-49DCE5A917C3}"
EndProject
Project("{2150E333-8FDC-42A3-9474-1A3956D46DE8}") = "IdentityService", "IdentityService", "{97BC9137-A51D-425C-AADB-B8C8C1A607DE}"
EndProject
Project("{FAE04EC0-301F-11D3-BF4B-00C04F79EFBC}") = "IdentityService.Api", "src\Services\IdentityService\IdentityService.Api\IdentityService.Api.csproj", "{0132A46A-3C5F-4234-B0B8-3694E1D860C6}"
EndProject
Project("{2150E333-8FDC-42A3-9474-1A3956D46DE8}") = "NotificationService", "NotificationService", "{1B7DB5D1-75AB-4491-9284-6FB6DFD87E26}"
EndProject
Project("{FAE04EC0-301F-11D3-BF4B-00C04F79EFBC}") = "NotificationService", "src\Services\NotificationService\NotificationService\NotificationService.csproj", "{9704DB2F-1A32-408B-ABF4-DFB10CCACA4D}"
EndProject
Project("{2150E333-8FDC-42A3-9474-1A3956D46DE8}") = "OrderService", "OrderService", "{BF1C735A-3B1F-4620-93FF-C1B78B8458E4}"
EndProject
Project("{FAE04EC0-301F-11D3-BF4B-00C04F79EFBC}") = "OrderService.Domain", "src\Services\OrderServices\OrderService.Domain\OrderService.Domain.csproj", "{799C00C6-B1ED-4ABC-A016-3E464CEA6D52}"
EndProject
Project("{FAE04EC0-301F-11D3-BF4B-00C04F79EFBC}") = "OrderService.Application", "src\Services\OrderServices\OrderService.Application\OrderService.Application.csproj", "{513D6CF4-8765-479A-97F5-837F0B5C9FEE}"
EndProject
Project("{FAE04EC0-301F-11D3-BF4B-00C04F79EFBC}") = "OrderService.Infrastructure", "src\Services\OrderServices\OrderService.Infrastructure\OrderService.Infrastructure.csproj", "{6CA206A0-7F93-47F2-917D-A6119A4F91E0}"
EndProject
Project("{FAE04EC0-301F-11D3-BF4B-00C04F79EFBC}") = "OrderService.Api", "src\Services\OrderService.Api\OrderService.Api.csproj", "{6F170638-4739-4405-B1BC-54FAE7E359A5}"
EndProject
Project("{2150E333-8FDC-42A3-9474-1A3956D46DE8}") = "PaymentService", "PaymentService", "{598424D3-E6A3-4CFE-A84C-ECEF2726508F}"
EndProject
Project("{FAE04EC0-301F-11D3-BF4B-00C04F79EFBC}") = "PaymentService.Api", "src\Services\PaymentService\PaymentService.Api\PaymentService.Api.csproj", "{4E218B46-457C-48A4-AB37-0101191EEC7F}"
EndProject
Global
	GlobalSection(SolutionConfigurationPlatforms) = preSolution
		Debug|Any CPU = Debug|Any CPU
		Release|Any CPU = Release|Any CPU
	EndGlobalSection
	GlobalSection(NestedProjects) = preSolution
		{F3D7B38C-2E16-487C-AAFE-966FAA6B3107} = {60FB19B1-DA7F-4C7A-B8D2-11B94CE10E3D}
		{ACB389AA-FBA7-4785-89B0-A76D066C2AC1} = {60FB19B1-DA7F-4C7A-B8D2-11B94CE10E3D}
		{B215433E-A637-43A3-AFBC-DF3C27303240} = {60FB19B1-DA7F-4C7A-B8D2-11B94CE10E3D}
		{9F924971-4726-4E33-B2AF-7C2A3005805E} = {60FB19B1-DA7F-4C7A-B8D2-11B94CE10E3D}
		{F4E537AC-9EF5-4A71-8FDB-63FF40421A5A} = {F3D7B38C-2E16-487C-AAFE-966FAA6B3107}
		{245B9682-B291-4ECA-A22E-FEB8ABBE41B8} = {F4E537AC-9EF5-4A71-8FDB-63FF40421A5A}
		{388521FB-6585-484C-9E99-F611CBAD201C} = {ACB389AA-FBA7-4785-89B0-A76D066C2AC1}
		{3F6E9F2E-A682-4E73-9BB6-15198E1FA2E5} = {388521FB-6585-484C-9E99-F611CBAD201C}
		{5F4345F4-5D69-4DCD-BFB2-D847908380CB} = {388521FB-6585-484C-9E99-F611CBAD201C}
		{4673851F-D149-4A20-95D5-71A591155AB1} = {388521FB-6585-484C-9E99-F611CBAD201C}
		{C1A4978E-A06D-4756-88CE-7EAD90D5FC9A} = {388521FB-6585-484C-9E99-F611CBAD201C}
		{7A789856-144F-403C-A416-757D9B116117} = {B215433E-A637-43A3-AFBC-DF3C27303240}
		{15830CC1-3208-428E-B87D-89C909836263} = {7A789856-144F-403C-A416-757D9B116117}
		{2713F34A-69E6-4AD1-8ADE-68D5EF1AECAD} = {9F924971-4726-4E33-B2AF-7C2A3005805E}
		{C4BCB51C-86A9-40AB-A826-A4F807C0C676} = {2713F34A-69E6-4AD1-8ADE-68D5EF1AECAD}
		{A247E9EF-D883-405A-82E4-A4C64849ECB5} = {9F924971-4726-4E33-B2AF-7C2A3005805E}
		{CB807980-DF87-46CD-B31A-49DCE5A917C3} = {A247E9EF-D883-405A-82E4-A4C64849ECB5}
		{97BC9137-A51D-425C-AADB-B8C8C1A607DE} = {9F924971-4726-4E33-B2AF-7C2A3005805E}
		{0132A46A-3C5F-4234-B0B8-3694E1D860C6} = {97BC9137-A51D-425C-AADB-B8C8C1A607DE}
		{1B7DB5D1-75AB-4491-9284-6FB6DFD87E26} = {9F924971-4726-4E33-B2AF-7C2A3005805E}
		{9704DB2F-1A32-408B-ABF4-DFB10CCACA4D} = {1B7DB5D1-75AB-4491-9284-6FB6DFD87E26}
		{BF1C735A-3B1F-4620-93FF-C1B78B8458E4} = {9F924971-4726-4E33-B2AF-7C2A3005805E}
		{799C00C6-B1ED-4ABC-A016-3E464CEA6D52} = {BF1C735A-3B1F-4620-93FF-C1B78B8458E4}
		{513D6CF4-8765-479A-97F5-837F0B5C9FEE} = {BF1C735A-3B1F-4620-93FF-C1B78B8458E4}
		{6CA206A0-7F93-47F2-917D-A6119A4F91E0} = {BF1C735A-3B1F-4620-93FF-C1B78B8458E4}
		{6F170638-4739-4405-B1BC-54FAE7E359A5} = {BF1C735A-3B1F-4620-93FF-C1B78B8458E4}
		{598424D3-E6A3-4CFE-A84C-ECEF2726508F} = {9F924971-4726-4E33-B2AF-7C2A3005805E}
		{4E218B46-457C-48A4-AB37-0101191EEC7F} = {598424D3-E6A3-4CFE-A84C-ECEF2726508F}
	EndGlobalSection
	GlobalSection(ProjectConfigurationPlatforms) = postSolution
		{245B9682-B291-4ECA-A22E-FEB8ABBE41B8}.Debug|Any CPU.ActiveCfg = Debug|Any CPU
		{245B9682-B291-4ECA-A22E-FEB8ABBE41B8}.Debug|Any CPU.Build.0 = Debug|Any CPU
		{245B9682-B291-4ECA-A22E-FEB8ABBE41B8}.Release|Any CPU.ActiveCfg = Release|Any CPU
		{245B9682-B291-4ECA-A22E-FEB8ABBE41B8}.Release|Any CPU.Build.0 = Release|Any CPU
		{3F6E9F2E-A682-4E73-9BB6-15198E1FA2E5}.Debug|Any CPU.ActiveCfg = Debug|Any CPU
		{3F6E9F2E-A682-4E73-9BB6-15198E1FA2E5}.Debug|Any CPU.Build.0 = Debug|Any CPU
		{3F6E9F2E-A682-4E73-9BB6-15198E1FA2E5}.Release|Any CPU.ActiveCfg = Release|Any CPU
		{3F6E9F2E-A682-4E73-9BB6-15198E1FA2E5}.Release|Any CPU.Build.0 = Release|Any CPU
		{5F4345F4-5D69-4DCD-BFB2-D847908380CB}.Debug|Any CPU.ActiveCfg = Debug|Any CPU
		{5F4345F4-5D69-4DCD-BFB2-D847908380CB}.Debug|Any CPU.Build.0 = Debug|Any CPU
		{5F4345F4-5D69-4DCD-BFB2-D847908380CB}.Release|Any CPU.ActiveCfg = Release|Any CPU
		{5F4345F4-5D69-4DCD-BFB2-D847908380CB}.Release|Any CPU.Build.0 = Release|Any CPU
		{4673851F-D149-4A20-95D5-71A591155AB1}.Debug|Any CPU.ActiveCfg = Debug|Any CPU
		{4673851F-D149-4A20-95D5-71A591155AB1}.Debug|Any CPU.Build.0 = Debug|Any CPU
		{4673851F-D149-4A20-95D5-71A591155AB1}.Release|Any CPU.ActiveCfg = Release|Any CPU
		{4673851F-D149-4A20-95D5-71A591155AB1}.Release|Any CPU.Build.0 = Release|Any CPU
		{C1A4978E-A06D-4756-88CE-7EAD90D5FC9A}.Debug|Any CPU.ActiveCfg = Debug|Any CPU
		{C1A4978E-A06D-4756-88CE-7EAD90D5FC9A}.Debug|Any CPU.Build.0 = Debug|Any CPU
		{C1A4978E-A06D-4756-88CE-7EAD90D5FC9A}.Release|Any CPU.ActiveCfg = Release|Any CPU
		{C1A4978E-A06D-4756-88CE-7EAD90D5FC9A}.Release|Any CPU.Build.0 = Release|Any CPU
		{15830CC1-3208-428E-B87D-89C909836263}.Debug|Any CPU.ActiveCfg = Debug|Any CPU
		{15830CC1-3208-428E-B87D-89C909836263}.Debug|Any CPU.Build.0 = Debug|Any CPU
		{15830CC1-3208-428E-B87D-89C909836263}.Release|Any CPU.ActiveCfg = Release|Any CPU
		{15830CC1-3208-428E-B87D-89C909836263}.Release|Any CPU.Build.0 = Release|Any CPU
		{C4BCB51C-86A9-40AB-A826-A4F807C0C676}.Debug|Any CPU.ActiveCfg = Debug|Any CPU
		{C4BCB51C-86A9-40AB-A826-A4F807C0C676}.Debug|Any CPU.Build.0 = Debug|Any CPU
		{C4BCB51C-86A9-40AB-A826-A4F807C0C676}.Release|Any CPU.ActiveCfg = Release|Any CPU
		{C4BCB51C-86A9-40AB-A826-A4F807C0C676}.Release|Any CPU.Build.0 = Release|Any CPU
		{CB807980-DF87-46CD-B31A-49DCE5A917C3}.Debug|Any CPU.ActiveCfg = Debug|Any CPU
		{CB807980-DF87-46CD-B31A-49DCE5A917C3}.Debug|Any CPU.Build.0 = Debug|Any CPU
		{CB807980-DF87-46CD-B31A-49DCE5A917C3}.Release|Any CPU.ActiveCfg = Release|Any CPU
		{CB807980-DF87-46CD-B31A-49DCE5A917C3}.Release|Any CPU.Build.0 = Release|Any CPU
		{0132A46A-3C5F-4234-B0B8-3694E1D860C6}.Debug|Any CPU.ActiveCfg = Debug|Any CPU
		{0132A46A-3C5F-4234-B0B8-3694E1D860C6}.Debug|Any CPU.Build.0 = Debug|Any CPU
		{0132A46A-3C5F-4234-B0B8-3694E1D860C6}.Release|Any CPU.ActiveCfg = Release|Any CPU
		{0132A46A-3C5F-4234-B0B8-3694E1D860C6}.Release|Any CPU.Build.0 = Release|Any CPU
		{9704DB2F-1A32-408B-ABF4-DFB10CCACA4D}.Debug|Any CPU.ActiveCfg = Debug|Any CPU
		{9704DB2F-1A32-408B-ABF4-DFB10CCACA4D}.Debug|Any CPU.Build.0 = Debug|Any CPU
		{9704DB2F-1A32-408B-ABF4-DFB10CCACA4D}.Release|Any CPU.ActiveCfg = Release|Any CPU
		{9704DB2F-1A32-408B-ABF4-DFB10CCACA4D}.Release|Any CPU.Build.0 = Release|Any CPU
		{799C00C6-B1ED-4ABC-A016-3E464CEA6D52}.Debug|Any CPU.ActiveCfg = Debug|Any CPU
		{799C00C6-B1ED-4ABC-A016-3E464CEA6D52}.Debug|Any CPU.Build.0 = Debug|Any CPU
		{799C00C6-B1ED-4ABC-A016-3E464CEA6D52}.Release|Any CPU.ActiveCfg = Release|Any CPU
		{799C00C6-B1ED-4ABC-A016-3E464CEA6D52}.Release|Any CPU.Build.0 = Release|Any CPU
		{513D6CF4-8765-479A-97F5-837F0B5C9FEE}.Debug|Any CPU.ActiveCfg = Debug|Any CPU
		{513D6CF4-8765-479A-97F5-837F0B5C9FEE}.Debug|Any CPU.Build.0 = Debug|Any CPU
		{513D6CF4-8765-479A-97F5-837F0B5C9FEE}.Release|Any CPU.ActiveCfg = Release|Any CPU
		{513D6CF4-8765-479A-97F5-837F0B5C9FEE}.Release|Any CPU.Build.0 = Release|Any CPU
		{6CA206A0-7F93-47F2-917D-A6119A4F91E0}.Debug|Any CPU.ActiveCfg = Debug|Any CPU
		{6CA206A0-7F93-47F2-917D-A6119A4F91E0}.Debug|Any CPU.Build.0 = Debug|Any CPU
		{6CA206A0-7F93-47F2-917D-A6119A4F91E0}.Release|Any CPU.ActiveCfg = Release|Any CPU
		{6CA206A0-7F93-47F2-917D-A6119A4F91E0}.Release|Any CPU.Build.0 = Release|Any CPU
		{6F170638-4739-4405-B1BC-54FAE7E359A5}.Debug|Any CPU.ActiveCfg = Debug|Any CPU
		{6F170638-4739-4405-B1BC-54FAE7E359A5}.Debug|Any CPU.Build.0 = Debug|Any CPU
		{6F170638-4739-4405-B1BC-54FAE7E359A5}.Release|Any CPU.ActiveCfg = Release|Any CPU
		{6F170638-4739-4405-B1BC-54FAE7E359A5}.Release|Any CPU.Build.0 = Release|Any CPU
		{4E218B46-457C-48A4-AB37-0101191EEC7F}.Debug|Any CPU.ActiveCfg = Debug|Any CPU
		{4E218B46-457C-48A4-AB37-0101191EEC7F}.Debug|Any CPU.Build.0 = Debug|Any CPU
		{4E218B46-457C-48A4-AB37-0101191EEC7F}.Release|Any CPU.ActiveCfg = Release|Any CPU
		{4E218B46-457C-48A4-AB37-0101191EEC7F}.Release|Any CPU.Build.0 = Release|Any CPU
	EndGlobalSection
EndGlobal
